
Microsoft Visual Studio Solution File, Format Version 12.00
# Visual Studio Version 17
VisualStudioVersion = 17.9.34728.123
MinimumVisualStudioVersion = 10.0.40219.1
Project("{9A19103F-16F7-4668-BE54-9A1E7A4F7556}") = "NodeVideoEffects", "NodeVideoEffects\NodeVideoEffects.csproj", "{DEC63E1B-15AD-42CB-A9FA-9B6DECCDBC4E}"
EndProject
Project("{9A19103F-16F7-4668-BE54-9A1E7A4F7556}") = "NodeVideoEffects.Node", "NodeVideoEffects.Node\NodeVideoEffects.Node.csproj", "{90E20A29-F568-4539-A590-2D1B4E118B17}"
EndProject
Project("{9A19103F-16F7-4668-BE54-9A1E7A4F7556}") = "NodeVideoEffects.UITest", "NodeVideoEffects.UITest\NodeVideoEffects.UITest.csproj", "{3C0FF06D-9AB9-4080-BBF5-96DF8AEFBE93}"
EndProject
Project("{9A19103F-16F7-4668-BE54-9A1E7A4F7556}") = "NodeVideoEffects.Control", "NodeVideoEffects.Control\NodeVideoEffects.Control.csproj", "{1DF9E1C3-83CC-460D-9A2D-1C8C530EEA89}"
EndProject
Project("{2150E333-8FDC-42A3-9474-1A3956D46DE8}") = "Solution Items", "Solution Items", "{499DAC14-04C5-4431-8899-BD5FBDD5EDB7}"
	ProjectSection(SolutionItems) = preProject
		README.md = README.md
	EndProjectSection
EndProject
Global
	GlobalSection(SolutionConfigurationPlatforms) = preSolution
		Debug|Any CPU = Debug|Any CPU
		Release|Any CPU = Release|Any CPU
	EndGlobalSection
	GlobalSection(ProjectConfigurationPlatforms) = postSolution
		{DEC63E1B-15AD-42CB-A9FA-9B6DECCDBC4E}.Debug|Any CPU.ActiveCfg = Debug|Any CPU
		{DEC63E1B-15AD-42CB-A9FA-9B6DECCDBC4E}.Debug|Any CPU.Build.0 = Debug|Any CPU
		{DEC63E1B-15AD-42CB-A9FA-9B6DECCDBC4E}.Release|Any CPU.ActiveCfg = Release|Any CPU
		{DEC63E1B-15AD-42CB-A9FA-9B6DECCDBC4E}.Release|Any CPU.Build.0 = Release|Any CPU
		{90E20A29-F568-4539-A590-2D1B4E118B17}.Debug|Any CPU.ActiveCfg = Debug|Any CPU
		{90E20A29-F568-4539-A590-2D1B4E118B17}.Debug|Any CPU.Build.0 = Debug|Any CPU
		{90E20A29-F568-4539-A590-2D1B4E118B17}.Release|Any CPU.ActiveCfg = Release|Any CPU
		{90E20A29-F568-4539-A590-2D1B4E118B17}.Release|Any CPU.Build.0 = Release|Any CPU
		{3C0FF06D-9AB9-4080-BBF5-96DF8AEFBE93}.Debug|Any CPU.ActiveCfg = Debug|Any CPU
		{3C0FF06D-9AB9-4080-BBF5-96DF8AEFBE93}.Debug|Any CPU.Build.0 = Debug|Any CPU
		{3C0FF06D-9AB9-4080-BBF5-96DF8AEFBE93}.Release|Any CPU.ActiveCfg = Release|Any CPU
		{3C0FF06D-9AB9-4080-BBF5-96DF8AEFBE93}.Release|Any CPU.Build.0 = Release|Any CPU
		{1DF9E1C3-83CC-460D-9A2D-1C8C530EEA89}.Debug|Any CPU.ActiveCfg = Debug|Any CPU
		{1DF9E1C3-83CC-460D-9A2D-1C8C530EEA89}.Debug|Any CPU.Build.0 = Debug|Any CPU
		{1DF9E1C3-83CC-460D-9A2D-1C8C530EEA89}.Release|Any CPU.ActiveCfg = Release|Any CPU
		{1DF9E1C3-83CC-460D-9A2D-1C8C530EEA89}.Release|Any CPU.Build.0 = Release|Any CPU
	EndGlobalSection
	GlobalSection(SolutionProperties) = preSolution
		HideSolutionNode = FALSE
	EndGlobalSection
	GlobalSection(ExtensibilityGlobals) = postSolution
		SolutionGuid = {102CD60A-E74B-46EA-9ACA-371175FA8C6E}
	EndGlobalSection
EndGlobal
