
Microsoft Visual Studio Solution File, Format Version 12.00
# Visual Studio Version 17
VisualStudioVersion = 17.9.34728.123
MinimumVisualStudioVersion = 10.0.40219.1
Project("{9A19103F-16F7-4668-BE54-9A1E7A4F7556}") = "NodeVideoEffects", "NodeVideoEffects\NodeVideoEffects.csproj", "{DEC63E1B-15AD-42CB-A9FA-9B6DECCDBC4E}"
EndProject
Project("{9A19103F-16F7-4668-BE54-9A1E7A4F7556}") = "NodeVideoEffects.UITest", "NodeVideoEffects.UITest\NodeVideoEffects.UITest.csproj", "{3C0FF06D-9AB9-4080-BBF5-96DF8AEFBE93}"
EndProject
Project("{9A19103F-16F7-4668-BE54-9A1E7A4F7556}") = "NodeVideoEffects.Editor", "NodeVideoEffects.Editor\NodeVideoEffects.Editor.csproj", "{1DF9E1C3-83CC-460D-9A2D-1C8C530EEA89}"
EndProject
Project("{9A19103F-16F7-4668-BE54-9A1E7A4F7556}") = "NodeVideoEffects.Type", "NodeVideoEffects.Type\NodeVideoEffects.Type.csproj", "{88FECD16-26E7-4FFF-9F74-BA496B548158}"
EndProject
Project("{9A19103F-16F7-4668-BE54-9A1E7A4F7556}") = "YukkuriMovieMaker.Generator", "YukkuriMovieMaker.Generator\YukkuriMovieMaker.Generator\YukkuriMovieMaker.Generator.csproj", "{99B4D6EF-6621-43C1-8A6A-C07CB716621F}"
EndProject
Project("{9A19103F-16F7-4668-BE54-9A1E7A4F7556}") = "NodeVideoEffects.Nodes", "NodeVideoEffects.Nodes\NodeVideoEffects.Nodes.csproj", "{7F1EEFCC-84F4-488F-8386-3F9DEFE83047}"
EndProject
Project("{9A19103F-16F7-4668-BE54-9A1E7A4F7556}") = "NodeVideoEffects.Control", "NodeVideoEffects.Control\NodeVideoEffects.Control.csproj", "{30C6F0EA-23AC-4AE1-BEA0-611A102ACF68}"
EndProject
Project("{FAE04EC0-301F-11D3-BF4B-00C04F79EFBC}") = "NodeVideoEffects.Utility", "NodeVideoEffects.Utility\NodeVideoEffects.Utility.csproj", "{EF799753-5A6B-48A0-A803-2978DEE1F1FE}"
EndProject
Global
	GlobalSection(SolutionConfigurationPlatforms) = preSolution
		Debug|Any CPU = Debug|Any CPU
		Release|Any CPU = Release|Any CPU
	EndGlobalSection
	GlobalSection(ProjectConfigurationPlatforms) = postSolution
		{DEC63E1B-15AD-42CB-A9FA-9B6DECCDBC4E}.Debug|Any CPU.ActiveCfg = Debug|Any CPU
		{DEC63E1B-15AD-42CB-A9FA-9B6DECCDBC4E}.Debug|Any CPU.Build.0 = Debug|Any CPU
		{DEC63E1B-15AD-42CB-A9FA-9B6DECCDBC4E}.Release|Any CPU.ActiveCfg = Release|Any CPU
		{DEC63E1B-15AD-42CB-A9FA-9B6DECCDBC4E}.Release|Any CPU.Build.0 = Release|Any CPU
		{3C0FF06D-9AB9-4080-BBF5-96DF8AEFBE93}.Debug|Any CPU.ActiveCfg = Debug|Any CPU
		{3C0FF06D-9AB9-4080-BBF5-96DF8AEFBE93}.Debug|Any CPU.Build.0 = Debug|Any CPU
		{3C0FF06D-9AB9-4080-BBF5-96DF8AEFBE93}.Release|Any CPU.ActiveCfg = Release|Any CPU
		{3C0FF06D-9AB9-4080-BBF5-96DF8AEFBE93}.Release|Any CPU.Build.0 = Release|Any CPU
		{1DF9E1C3-83CC-460D-9A2D-1C8C530EEA89}.Debug|Any CPU.ActiveCfg = Debug|Any CPU
		{1DF9E1C3-83CC-460D-9A2D-1C8C530EEA89}.Debug|Any CPU.Build.0 = Debug|Any CPU
		{1DF9E1C3-83CC-460D-9A2D-1C8C530EEA89}.Release|Any CPU.ActiveCfg = Release|Any CPU
		{1DF9E1C3-83CC-460D-9A2D-1C8C530EEA89}.Release|Any CPU.Build.0 = Release|Any CPU
		{88FECD16-26E7-4FFF-9F74-BA496B548158}.Debug|Any CPU.ActiveCfg = Debug|Any CPU
		{88FECD16-26E7-4FFF-9F74-BA496B548158}.Debug|Any CPU.Build.0 = Debug|Any CPU
		{88FECD16-26E7-4FFF-9F74-BA496B548158}.Release|Any CPU.ActiveCfg = Release|Any CPU
		{88FECD16-26E7-4FFF-9F74-BA496B548158}.Release|Any CPU.Build.0 = Release|Any CPU
		{99B4D6EF-6621-43C1-8A6A-C07CB716621F}.Debug|Any CPU.ActiveCfg = Debug|Any CPU
		{99B4D6EF-6621-43C1-8A6A-C07CB716621F}.Debug|Any CPU.Build.0 = Debug|Any CPU
		{99B4D6EF-6621-43C1-8A6A-C07CB716621F}.Release|Any CPU.ActiveCfg = Release|Any CPU
		{99B4D6EF-6621-43C1-8A6A-C07CB716621F}.Release|Any CPU.Build.0 = Release|Any CPU
		{7F1EEFCC-84F4-488F-8386-3F9DEFE83047}.Debug|Any CPU.ActiveCfg = Debug|Any CPU
		{7F1EEFCC-84F4-488F-8386-3F9DEFE83047}.Debug|Any CPU.Build.0 = Debug|Any CPU
		{7F1EEFCC-84F4-488F-8386-3F9DEFE83047}.Release|Any CPU.ActiveCfg = Release|Any CPU
		{7F1EEFCC-84F4-488F-8386-3F9DEFE83047}.Release|Any CPU.Build.0 = Release|Any CPU
		{30C6F0EA-23AC-4AE1-BEA0-611A102ACF68}.Debug|Any CPU.ActiveCfg = Debug|Any CPU
		{30C6F0EA-23AC-4AE1-BEA0-611A102ACF68}.Debug|Any CPU.Build.0 = Debug|Any CPU
		{30C6F0EA-23AC-4AE1-BEA0-611A102ACF68}.Release|Any CPU.ActiveCfg = Release|Any CPU
		{30C6F0EA-23AC-4AE1-BEA0-611A102ACF68}.Release|Any CPU.Build.0 = Release|Any CPU
		{EF799753-5A6B-48A0-A803-2978DEE1F1FE}.Debug|Any CPU.ActiveCfg = Debug|Any CPU
		{EF799753-5A6B-48A0-A803-2978DEE1F1FE}.Debug|Any CPU.Build.0 = Debug|Any CPU
		{EF799753-5A6B-48A0-A803-2978DEE1F1FE}.Release|Any CPU.ActiveCfg = Release|Any CPU
		{EF799753-5A6B-48A0-A803-2978DEE1F1FE}.Release|Any CPU.Build.0 = Release|Any CPU
	EndGlobalSection
	GlobalSection(SolutionProperties) = preSolution
		HideSolutionNode = FALSE
	EndGlobalSection
	GlobalSection(ExtensibilityGlobals) = postSolution
		SolutionGuid = {102CD60A-E74B-46EA-9ACA-371175FA8C6E}
	EndGlobalSection
EndGlobal
