
Microsoft Visual Studio Solution File, Format Version 12.00
# Visual Studio Version 17
VisualStudioVersion = 17.9.34728.123
MinimumVisualStudioVersion = 10.0.40219.1
Project("{9A19103F-16F7-4668-BE54-9A1E7A4F7556}") = "NodeVideoEffects", "NodeVideoEffects\NodeVideoEffects.csproj", "{DEC63E1B-15AD-42CB-A9FA-9B6DECCDBC4E}"
EndProject
Project("{9A19103F-16F7-4668-BE54-9A1E7A4F7556}") = "NodeVideoEffects.UITest", "NodeVideoEffects.UITest\NodeVideoEffects.UITest.csproj", "{3C0FF06D-9AB9-4080-BBF5-96DF8AEFBE93}"
EndProject
Project("{9A19103F-16F7-4668-BE54-9A1E7A4F7556}") = "NodeVideoEffects.Editor", "NodeVideoEffects.Editor\NodeVideoEffects.Editor.csproj", "{1DF9E1C3-83CC-460D-9A2D-1C8C530EEA89}"
EndProject
Project("{2150E333-8FDC-42A3-9474-1A3956D46DE8}") = "Solution Items", "Solution Items", "{499DAC14-04C5-4431-8899-BD5FBDD5EDB7}"
	ProjectSection(SolutionItems) = preProject
		README.md = README.md
	EndProjectSection
EndProject
Project("{9A19103F-16F7-4668-BE54-9A1E7A4F7556}") = "NodeVideoEffects.Type", "NodeVideoEffects.Type\NodeVideoEffects.Type.csproj", "{88FECD16-26E7-4FFF-9F74-BA496B548158}"
EndProject
Project("{9A19103F-16F7-4668-BE54-9A1E7A4F7556}") = "YukkuriMovieMaker.Generator", "YukkuriMovieMaker.Generator\YukkuriMovieMaker.Generator\YukkuriMovieMaker.Generator.csproj", "{99B4D6EF-6621-43C1-8A6A-C07CB716621F}"
EndProject
Project("{9A19103F-16F7-4668-BE54-9A1E7A4F7556}") = "NodeVideoEffects.Nodes", "NodeVideoEffects.Nodes\NodeVideoEffects.Nodes.csproj", "{7F1EEFCC-84F4-488F-8386-3F9DEFE83047}"
EndProject
Project("{9A19103F-16F7-4668-BE54-9A1E7A4F7556}") = "NodeVideoEffects.Control", "NodeVideoEffects.Control\NodeVideoEffects.Control.csproj", "{30C6F0EA-23AC-4AE1-BEA0-611A102ACF68}"
EndProject
Project("{2150E333-8FDC-42A3-9474-1A3956D46DE8}") = ".github", ".github", "{613B51B8-9633-4E12-96E1-350E407BA50E}"
EndProject
Project("{2150E333-8FDC-42A3-9474-1A3956D46DE8}") = "workflows", "workflows", "{2D5D76B1-0F23-4D4A-9F31-E47A660246EE}"
	ProjectSection(SolutionItems) = preProject
		.github\workflows\check-spelling.yml = .github\workflows\check-spelling.yml
	EndProjectSection
EndProject
Project("{2150E333-8FDC-42A3-9474-1A3956D46DE8}") = "actions", "actions", "{4B885EFE-C7B0-4430-AAE3-0721B1019127}"
EndProject
Project("{2150E333-8FDC-42A3-9474-1A3956D46DE8}") = "spelling", "spelling", "{AE86A24E-6B4C-4C1F-857C-76997DA42BDB}"
	ProjectSection(SolutionItems) = preProject
		.github\actions\spelling\allow.txt = .github\actions\spelling\allow.txt
		.github\actions\spelling\candidate.patterns = .github\actions\spelling\candidate.patterns
		.github\actions\spelling\excludes.txt = .github\actions\spelling\excludes.txt
		.github\actions\spelling\expect.txt = .github\actions\spelling\expect.txt
		.github\actions\spelling\line_forbidden.patterns = .github\actions\spelling\line_forbidden.patterns
		.github\actions\spelling\patterns.txt = .github\actions\spelling\patterns.txt
		.github\actions\spelling\reject.txt = .github\actions\spelling\reject.txt
	EndProjectSection
EndProject
Global
	GlobalSection(SolutionConfigurationPlatforms) = preSolution
		Debug|Any CPU = Debug|Any CPU
		Release|Any CPU = Release|Any CPU
	EndGlobalSection
	GlobalSection(ProjectConfigurationPlatforms) = postSolution
		{DEC63E1B-15AD-42CB-A9FA-9B6DECCDBC4E}.Debug|Any CPU.ActiveCfg = Debug|Any CPU
		{DEC63E1B-15AD-42CB-A9FA-9B6DECCDBC4E}.Debug|Any CPU.Build.0 = Debug|Any CPU
		{DEC63E1B-15AD-42CB-A9FA-9B6DECCDBC4E}.Release|Any CPU.ActiveCfg = Release|Any CPU
		{DEC63E1B-15AD-42CB-A9FA-9B6DECCDBC4E}.Release|Any CPU.Build.0 = Release|Any CPU
		{3C0FF06D-9AB9-4080-BBF5-96DF8AEFBE93}.Debug|Any CPU.ActiveCfg = Debug|Any CPU
		{3C0FF06D-9AB9-4080-BBF5-96DF8AEFBE93}.Debug|Any CPU.Build.0 = Debug|Any CPU
		{3C0FF06D-9AB9-4080-BBF5-96DF8AEFBE93}.Release|Any CPU.ActiveCfg = Release|Any CPU
		{3C0FF06D-9AB9-4080-BBF5-96DF8AEFBE93}.Release|Any CPU.Build.0 = Release|Any CPU
		{1DF9E1C3-83CC-460D-9A2D-1C8C530EEA89}.Debug|Any CPU.ActiveCfg = Debug|Any CPU
		{1DF9E1C3-83CC-460D-9A2D-1C8C530EEA89}.Debug|Any CPU.Build.0 = Debug|Any CPU
		{1DF9E1C3-83CC-460D-9A2D-1C8C530EEA89}.Release|Any CPU.ActiveCfg = Release|Any CPU
		{1DF9E1C3-83CC-460D-9A2D-1C8C530EEA89}.Release|Any CPU.Build.0 = Release|Any CPU
		{88FECD16-26E7-4FFF-9F74-BA496B548158}.Debug|Any CPU.ActiveCfg = Debug|Any CPU
		{88FECD16-26E7-4FFF-9F74-BA496B548158}.Debug|Any CPU.Build.0 = Debug|Any CPU
		{88FECD16-26E7-4FFF-9F74-BA496B548158}.Release|Any CPU.ActiveCfg = Release|Any CPU
		{88FECD16-26E7-4FFF-9F74-BA496B548158}.Release|Any CPU.Build.0 = Release|Any CPU
		{99B4D6EF-6621-43C1-8A6A-C07CB716621F}.Debug|Any CPU.ActiveCfg = Debug|Any CPU
		{99B4D6EF-6621-43C1-8A6A-C07CB716621F}.Debug|Any CPU.Build.0 = Debug|Any CPU
		{99B4D6EF-6621-43C1-8A6A-C07CB716621F}.Release|Any CPU.ActiveCfg = Release|Any CPU
		{99B4D6EF-6621-43C1-8A6A-C07CB716621F}.Release|Any CPU.Build.0 = Release|Any CPU
		{7F1EEFCC-84F4-488F-8386-3F9DEFE83047}.Debug|Any CPU.ActiveCfg = Debug|Any CPU
		{7F1EEFCC-84F4-488F-8386-3F9DEFE83047}.Debug|Any CPU.Build.0 = Debug|Any CPU
		{7F1EEFCC-84F4-488F-8386-3F9DEFE83047}.Release|Any CPU.ActiveCfg = Release|Any CPU
		{7F1EEFCC-84F4-488F-8386-3F9DEFE83047}.Release|Any CPU.Build.0 = Release|Any CPU
		{30C6F0EA-23AC-4AE1-BEA0-611A102ACF68}.Debug|Any CPU.ActiveCfg = Debug|Any CPU
		{30C6F0EA-23AC-4AE1-BEA0-611A102ACF68}.Debug|Any CPU.Build.0 = Debug|Any CPU
		{30C6F0EA-23AC-4AE1-BEA0-611A102ACF68}.Release|Any CPU.ActiveCfg = Release|Any CPU
		{30C6F0EA-23AC-4AE1-BEA0-611A102ACF68}.Release|Any CPU.Build.0 = Release|Any CPU
	EndGlobalSection
	GlobalSection(SolutionProperties) = preSolution
		HideSolutionNode = FALSE
	EndGlobalSection
	GlobalSection(NestedProjects) = preSolution
		{613B51B8-9633-4E12-96E1-350E407BA50E} = {499DAC14-04C5-4431-8899-BD5FBDD5EDB7}
		{2D5D76B1-0F23-4D4A-9F31-E47A660246EE} = {613B51B8-9633-4E12-96E1-350E407BA50E}
		{4B885EFE-C7B0-4430-AAE3-0721B1019127} = {613B51B8-9633-4E12-96E1-350E407BA50E}
		{AE86A24E-6B4C-4C1F-857C-76997DA42BDB} = {4B885EFE-C7B0-4430-AAE3-0721B1019127}
	EndGlobalSection
	GlobalSection(ExtensibilityGlobals) = postSolution
		SolutionGuid = {102CD60A-E74B-46EA-9ACA-371175FA8C6E}
	EndGlobalSection
EndGlobal
